
Microsoft Visual Studio Solution File, Format Version 12.00
# Visual Studio 15
VisualStudioVersion = 15.0.28307.329
MinimumVisualStudioVersion = 10.0.40219.1
Project("{FAE04EC0-301F-11D3-BF4B-00C04F79EFBC}") = "App", "App\App.csproj", "{0D77ED61-D50E-48E6-8ECA-0D35DF193F9D}"
EndProject
Project("{FAE04EC0-301F-11D3-BF4B-00C04F79EFBC}") = "RatioLibrary", "RatioLibrary\RatioLibrary.csproj", "{7A2F4CD4-BEA8-4475-BB87-C29E4BCBAAD4}"
EndProject
Project("{FAE04EC0-301F-11D3-BF4B-00C04F79EFBC}") = "RatioLibraryTest", "RatioLibraryTest\RatioLibraryTest.csproj", "{269F3560-E89C-495E-B2CB-24A4655D4AF9}"
	ProjectSection(ProjectDependencies) = postProject
		{7A2F4CD4-BEA8-4475-BB87-C29E4BCBAAD4} = {7A2F4CD4-BEA8-4475-BB87-C29E4BCBAAD4}
	EndProjectSection
EndProject
Global
	GlobalSection(SolutionConfigurationPlatforms) = preSolution
		Debug|Any CPU = Debug|Any CPU
		Release|Any CPU = Release|Any CPU
	EndGlobalSection
	GlobalSection(ProjectConfigurationPlatforms) = postSolution
		{0D77ED61-D50E-48E6-8ECA-0D35DF193F9D}.Debug|Any CPU.ActiveCfg = Debug|Any CPU
		{0D77ED61-D50E-48E6-8ECA-0D35DF193F9D}.Debug|Any CPU.Build.0 = Debug|Any CPU
		{0D77ED61-D50E-48E6-8ECA-0D35DF193F9D}.Release|Any CPU.ActiveCfg = Release|Any CPU
		{0D77ED61-D50E-48E6-8ECA-0D35DF193F9D}.Release|Any CPU.Build.0 = Release|Any CPU
		{7A2F4CD4-BEA8-4475-BB87-C29E4BCBAAD4}.Debug|Any CPU.ActiveCfg = Debug|Any CPU
		{7A2F4CD4-BEA8-4475-BB87-C29E4BCBAAD4}.Debug|Any CPU.Build.0 = Debug|Any CPU
		{7A2F4CD4-BEA8-4475-BB87-C29E4BCBAAD4}.Release|Any CPU.ActiveCfg = Release|Any CPU
		{7A2F4CD4-BEA8-4475-BB87-C29E4BCBAAD4}.Release|Any CPU.Build.0 = Release|Any CPU
		{269F3560-E89C-495E-B2CB-24A4655D4AF9}.Debug|Any CPU.ActiveCfg = Debug|Any CPU
		{269F3560-E89C-495E-B2CB-24A4655D4AF9}.Debug|Any CPU.Build.0 = Debug|Any CPU
		{269F3560-E89C-495E-B2CB-24A4655D4AF9}.Release|Any CPU.ActiveCfg = Release|Any CPU
		{269F3560-E89C-495E-B2CB-24A4655D4AF9}.Release|Any CPU.Build.0 = Release|Any CPU
	EndGlobalSection
	GlobalSection(SolutionProperties) = preSolution
		HideSolutionNode = FALSE
	EndGlobalSection
	GlobalSection(ExtensibilityGlobals) = postSolution
		SolutionGuid = {9E90ACCA-AC8E-473C-AAE0-EB7637558DBD}
	EndGlobalSection
EndGlobal
